
Microsoft Visual Studio Solution File, Format Version 12.00
# Visual Studio 15
VisualStudioVersion = 15.0.28010.2003
MinimumVisualStudioVersion = 10.0.40219.1
Project("{FAE04EC0-301F-11D3-BF4B-00C04F79EFBC}") = "Web", "Web\Web.csproj", "{EC4FFF37-53B3-4881-A49C-442167B42B7E}"
EndProject
Project("{00D1A9C2-B5F0-4AF3-8072-F6C62B433612}") = "ScriptBD", "ScriptBD\ScriptBD.sqlproj", "{15DE7148-88DC-4A9A-8B45-CC26C3A1AEE6}"
EndProject
Project("{FAE04EC0-301F-11D3-BF4B-00C04F79EFBC}") = "Modelo", "Modelo\Modelo.csproj", "{39355BBC-D533-4668-A799-9F2860022D58}"
EndProject
Global
	GlobalSection(SolutionConfigurationPlatforms) = preSolution
		Debug|Any CPU = Debug|Any CPU
		Release|Any CPU = Release|Any CPU
	EndGlobalSection
	GlobalSection(ProjectConfigurationPlatforms) = postSolution
		{EC4FFF37-53B3-4881-A49C-442167B42B7E}.Debug|Any CPU.ActiveCfg = Debug|Any CPU
		{EC4FFF37-53B3-4881-A49C-442167B42B7E}.Debug|Any CPU.Build.0 = Debug|Any CPU
		{EC4FFF37-53B3-4881-A49C-442167B42B7E}.Release|Any CPU.ActiveCfg = Release|Any CPU
		{EC4FFF37-53B3-4881-A49C-442167B42B7E}.Release|Any CPU.Build.0 = Release|Any CPU
		{15DE7148-88DC-4A9A-8B45-CC26C3A1AEE6}.Debug|Any CPU.ActiveCfg = Debug|Any CPU
		{15DE7148-88DC-4A9A-8B45-CC26C3A1AEE6}.Debug|Any CPU.Build.0 = Debug|Any CPU
		{15DE7148-88DC-4A9A-8B45-CC26C3A1AEE6}.Debug|Any CPU.Deploy.0 = Debug|Any CPU
		{15DE7148-88DC-4A9A-8B45-CC26C3A1AEE6}.Release|Any CPU.ActiveCfg = Release|Any CPU
		{15DE7148-88DC-4A9A-8B45-CC26C3A1AEE6}.Release|Any CPU.Build.0 = Release|Any CPU
		{15DE7148-88DC-4A9A-8B45-CC26C3A1AEE6}.Release|Any CPU.Deploy.0 = Release|Any CPU
		{39355BBC-D533-4668-A799-9F2860022D58}.Debug|Any CPU.ActiveCfg = Debug|Any CPU
		{39355BBC-D533-4668-A799-9F2860022D58}.Debug|Any CPU.Build.0 = Debug|Any CPU
		{39355BBC-D533-4668-A799-9F2860022D58}.Release|Any CPU.ActiveCfg = Release|Any CPU
		{39355BBC-D533-4668-A799-9F2860022D58}.Release|Any CPU.Build.0 = Release|Any CPU
	EndGlobalSection
	GlobalSection(SolutionProperties) = preSolution
		HideSolutionNode = FALSE
	EndGlobalSection
	GlobalSection(ExtensibilityGlobals) = postSolution
		SolutionGuid = {824EB58F-41CD-4759-91C4-0BC7FE44FF00}
	EndGlobalSection
EndGlobal
